
Microsoft Visual Studio Solution File, Format Version 12.00
# Visual Studio Version 16
VisualStudioVersion = 16.0.30804.86
MinimumVisualStudioVersion = 10.0.40219.1
Project("{2150E333-8FDC-42A3-9474-1A3956D46DE8}") = "Services", "Services", "{33D2357B-3385-44C9-BBB8-1D6330C3B56F}"
EndProject
Project("{2150E333-8FDC-42A3-9474-1A3956D46DE8}") = "Catalog", "Catalog", "{65CD9670-2806-4017-B916-ABDE625E8527}"
EndProject
Project("{9A19103F-16F7-4668-BE54-9A1E7A4F7556}") = "Catalog.API", "Services\Catalog\Catalog.API\Catalog.API.csproj", "{7A4755DC-3880-4C2E-8F2B-F383E3051AA2}"
EndProject
Project("{E53339B2-1760-4266-BCC7-CA923CBCF16C}") = "docker-compose", "docker-compose.dcproj", "{37EC1F24-49A7-4236-AD9F-C044977EA1B4}"
EndProject
Project("{2150E333-8FDC-42A3-9474-1A3956D46DE8}") = "Basket", "Basket", "{4274E315-DFED-475B-B922-6444667B38CC}"
EndProject
Project("{9A19103F-16F7-4668-BE54-9A1E7A4F7556}") = "Basket.API", "Services\Basket\Basket.API\Basket.API.csproj", "{A47331EC-6378-4754-B26D-19EB705BD8F2}"
EndProject
Project("{2150E333-8FDC-42A3-9474-1A3956D46DE8}") = "Discount", "Discount", "{84B8B290-641B-4F28-AE26-D7E81054DEED}"
EndProject
Project("{9A19103F-16F7-4668-BE54-9A1E7A4F7556}") = "Discount.API", "Services\Discount\Discount.API\Discount.API.csproj", "{43697ED6-F10C-4B88-B8BA-F2CFBF64718B}"
EndProject
Project("{9A19103F-16F7-4668-BE54-9A1E7A4F7556}") = "Discount.Grpc", "Services\Discount\Discount.Grpc\Discount.Grpc.csproj", "{98A46C80-3018-4102-9C87-783CB64915D3}"
EndProject
Project("{2150E333-8FDC-42A3-9474-1A3956D46DE8}") = "Ordering", "Ordering", "{C8BDBCF3-4E82-48E8-B783-9C15DB5A0CDC}"
EndProject
Project("{9A19103F-16F7-4668-BE54-9A1E7A4F7556}") = "Ordering.API", "Services\Ordering\Ordering.API\Ordering.API.csproj", "{95B0BCCD-C9B4-449D-97DC-03D937E04485}"
EndProject
Project("{9A19103F-16F7-4668-BE54-9A1E7A4F7556}") = "Ordering.Domain", "Services\Ordering\Ordering.Domain\Ordering.Domain.csproj", "{86AA9847-B20B-426F-8313-82E0BDE0F71D}"
EndProject
Project("{9A19103F-16F7-4668-BE54-9A1E7A4F7556}") = "Ordering.Application", "Services\Ordering\Ordering.Application\Ordering.Application.csproj", "{C65B3CE6-B2E1-47B9-96D9-D7F2A869575F}"
EndProject
Project("{9A19103F-16F7-4668-BE54-9A1E7A4F7556}") = "Ordering.Infrastructure", "Services\Ordering\Ordering.Infrastructure\Ordering.Infrastructure.csproj", "{BFE907D9-A3BB-486D-A427-F9738A8F8307}"
EndProject
Project("{2150E333-8FDC-42A3-9474-1A3956D46DE8}") = "BuildingBlocks", "BuildingBlocks", "{E6F6CDC7-8135-48DE-B91F-CEDD6E96EF1F}"
EndProject
Project("{9A19103F-16F7-4668-BE54-9A1E7A4F7556}") = "EventBus.Messages", "BuildingBlocks\EventBus.Messages\EventBus.Messages.csproj", "{D9584500-4ED6-48E4-9216-4B9FBB39A014}"
EndProject
Project("{2150E333-8FDC-42A3-9474-1A3956D46DE8}") = "ApiGateways", "ApiGateways", "{AA1D67BC-B655-41B3-8AC8-A555C57C7EA1}"
EndProject
Project("{9A19103F-16F7-4668-BE54-9A1E7A4F7556}") = "OcelotApiGateway", "ApiGateways\OcelotApiGateway\OcelotApiGateway.csproj", "{C38D48EF-9975-4D85-92CC-79559CD533AC}"
EndProject
Project("{9A19103F-16F7-4668-BE54-9A1E7A4F7556}") = "Shopping.Aggregator", "ApiGateways\Shopping.Aggregator\Shopping.Aggregator.csproj", "{D3C63E22-EE27-4871-AF6D-ED6BE51DCE44}"
EndProject
Project("{2150E333-8FDC-42A3-9474-1A3956D46DE8}") = "Clients", "Clients", "{6FA489D9-6856-476E-ADF0-307F47E76617}"
EndProject
Project("{9A19103F-16F7-4668-BE54-9A1E7A4F7556}") = "Shopping.MVC", "Clients\Shopping.MVC\Shopping.MVC.csproj", "{BF775ECF-5D44-4BFD-90DB-23325968FC1E}"
EndProject
Project("{2150E333-8FDC-42A3-9474-1A3956D46DE8}") = "Identity", "Identity", "{5668A74E-92CC-4ACE-A9BC-1A194A753EBE}"
EndProject
Project("{9A19103F-16F7-4668-BE54-9A1E7A4F7556}") = "Shopping.IDP", "Identity\Shopping.IDP\Shopping.IDP.csproj", "{F7BF878A-1028-49DE-A31F-9DAC582517EB}"
EndProject
Project("{2150E333-8FDC-42A3-9474-1A3956D46DE8}") = "Common", "Common", "{CA9CB20D-9461-449F-B5CC-5682186FBC39}"
EndProject
Project("{9A19103F-16F7-4668-BE54-9A1E7A4F7556}") = "Shopping.HealthChecks", "Common\Shopping.HealthChecks\Shopping.HealthChecks.csproj", "{4F34E26F-8521-49D9-AF09-A3C727BB87D1}"
EndProject
Project("{9A19103F-16F7-4668-BE54-9A1E7A4F7556}") = "Shopping.WebStatus", "Common\Shopping.WebStatus\Shopping.WebStatus.csproj", "{5FA25B83-C617-4522-8B49-5833C7A6F6F4}"
EndProject
Project("{FAE04EC0-301F-11D3-BF4B-00C04F79EFBC}") = "Shopping.Logging", "Common\Shopping.Logging\Shopping.Logging.csproj", "{DECE1385-49E8-4F67-A71A-5208C8AB0554}"
EndProject
Project("{FAE04EC0-301F-11D3-BF4B-00C04F79EFBC}") = "Shopping.Correlation", "Common\Shopping.Correlation\Shopping.Correlation.csproj", "{60FCAD62-A9CE-43CA-9C08-8C4C97B5A983}"
EndProject
Global
	GlobalSection(SolutionConfigurationPlatforms) = preSolution
		Debug|Any CPU = Debug|Any CPU
		Release|Any CPU = Release|Any CPU
	EndGlobalSection
	GlobalSection(ProjectConfigurationPlatforms) = postSolution
		{7A4755DC-3880-4C2E-8F2B-F383E3051AA2}.Debug|Any CPU.ActiveCfg = Debug|Any CPU
		{7A4755DC-3880-4C2E-8F2B-F383E3051AA2}.Debug|Any CPU.Build.0 = Debug|Any CPU
		{7A4755DC-3880-4C2E-8F2B-F383E3051AA2}.Release|Any CPU.ActiveCfg = Release|Any CPU
		{7A4755DC-3880-4C2E-8F2B-F383E3051AA2}.Release|Any CPU.Build.0 = Release|Any CPU
		{37EC1F24-49A7-4236-AD9F-C044977EA1B4}.Debug|Any CPU.ActiveCfg = Debug|Any CPU
		{37EC1F24-49A7-4236-AD9F-C044977EA1B4}.Debug|Any CPU.Build.0 = Debug|Any CPU
		{37EC1F24-49A7-4236-AD9F-C044977EA1B4}.Release|Any CPU.ActiveCfg = Release|Any CPU
		{37EC1F24-49A7-4236-AD9F-C044977EA1B4}.Release|Any CPU.Build.0 = Release|Any CPU
		{A47331EC-6378-4754-B26D-19EB705BD8F2}.Debug|Any CPU.ActiveCfg = Debug|Any CPU
		{A47331EC-6378-4754-B26D-19EB705BD8F2}.Debug|Any CPU.Build.0 = Debug|Any CPU
		{A47331EC-6378-4754-B26D-19EB705BD8F2}.Release|Any CPU.ActiveCfg = Release|Any CPU
		{A47331EC-6378-4754-B26D-19EB705BD8F2}.Release|Any CPU.Build.0 = Release|Any CPU
		{43697ED6-F10C-4B88-B8BA-F2CFBF64718B}.Debug|Any CPU.ActiveCfg = Debug|Any CPU
		{43697ED6-F10C-4B88-B8BA-F2CFBF64718B}.Debug|Any CPU.Build.0 = Debug|Any CPU
		{43697ED6-F10C-4B88-B8BA-F2CFBF64718B}.Release|Any CPU.ActiveCfg = Release|Any CPU
		{43697ED6-F10C-4B88-B8BA-F2CFBF64718B}.Release|Any CPU.Build.0 = Release|Any CPU
		{98A46C80-3018-4102-9C87-783CB64915D3}.Debug|Any CPU.ActiveCfg = Debug|Any CPU
		{98A46C80-3018-4102-9C87-783CB64915D3}.Debug|Any CPU.Build.0 = Debug|Any CPU
		{98A46C80-3018-4102-9C87-783CB64915D3}.Release|Any CPU.ActiveCfg = Release|Any CPU
		{98A46C80-3018-4102-9C87-783CB64915D3}.Release|Any CPU.Build.0 = Release|Any CPU
		{95B0BCCD-C9B4-449D-97DC-03D937E04485}.Debug|Any CPU.ActiveCfg = Debug|Any CPU
		{95B0BCCD-C9B4-449D-97DC-03D937E04485}.Debug|Any CPU.Build.0 = Debug|Any CPU
		{95B0BCCD-C9B4-449D-97DC-03D937E04485}.Release|Any CPU.ActiveCfg = Release|Any CPU
		{95B0BCCD-C9B4-449D-97DC-03D937E04485}.Release|Any CPU.Build.0 = Release|Any CPU
		{86AA9847-B20B-426F-8313-82E0BDE0F71D}.Debug|Any CPU.ActiveCfg = Debug|Any CPU
		{86AA9847-B20B-426F-8313-82E0BDE0F71D}.Debug|Any CPU.Build.0 = Debug|Any CPU
		{86AA9847-B20B-426F-8313-82E0BDE0F71D}.Release|Any CPU.ActiveCfg = Release|Any CPU
		{86AA9847-B20B-426F-8313-82E0BDE0F71D}.Release|Any CPU.Build.0 = Release|Any CPU
		{C65B3CE6-B2E1-47B9-96D9-D7F2A869575F}.Debug|Any CPU.ActiveCfg = Debug|Any CPU
		{C65B3CE6-B2E1-47B9-96D9-D7F2A869575F}.Debug|Any CPU.Build.0 = Debug|Any CPU
		{C65B3CE6-B2E1-47B9-96D9-D7F2A869575F}.Release|Any CPU.ActiveCfg = Release|Any CPU
		{C65B3CE6-B2E1-47B9-96D9-D7F2A869575F}.Release|Any CPU.Build.0 = Release|Any CPU
		{BFE907D9-A3BB-486D-A427-F9738A8F8307}.Debug|Any CPU.ActiveCfg = Debug|Any CPU
		{BFE907D9-A3BB-486D-A427-F9738A8F8307}.Debug|Any CPU.Build.0 = Debug|Any CPU
		{BFE907D9-A3BB-486D-A427-F9738A8F8307}.Release|Any CPU.ActiveCfg = Release|Any CPU
		{BFE907D9-A3BB-486D-A427-F9738A8F8307}.Release|Any CPU.Build.0 = Release|Any CPU
		{D9584500-4ED6-48E4-9216-4B9FBB39A014}.Debug|Any CPU.ActiveCfg = Debug|Any CPU
		{D9584500-4ED6-48E4-9216-4B9FBB39A014}.Debug|Any CPU.Build.0 = Debug|Any CPU
		{D9584500-4ED6-48E4-9216-4B9FBB39A014}.Release|Any CPU.ActiveCfg = Release|Any CPU
		{D9584500-4ED6-48E4-9216-4B9FBB39A014}.Release|Any CPU.Build.0 = Release|Any CPU
		{C38D48EF-9975-4D85-92CC-79559CD533AC}.Debug|Any CPU.ActiveCfg = Debug|Any CPU
		{C38D48EF-9975-4D85-92CC-79559CD533AC}.Debug|Any CPU.Build.0 = Debug|Any CPU
		{C38D48EF-9975-4D85-92CC-79559CD533AC}.Release|Any CPU.ActiveCfg = Release|Any CPU
		{C38D48EF-9975-4D85-92CC-79559CD533AC}.Release|Any CPU.Build.0 = Release|Any CPU
		{D3C63E22-EE27-4871-AF6D-ED6BE51DCE44}.Debug|Any CPU.ActiveCfg = Debug|Any CPU
		{D3C63E22-EE27-4871-AF6D-ED6BE51DCE44}.Debug|Any CPU.Build.0 = Debug|Any CPU
		{D3C63E22-EE27-4871-AF6D-ED6BE51DCE44}.Release|Any CPU.ActiveCfg = Release|Any CPU
		{D3C63E22-EE27-4871-AF6D-ED6BE51DCE44}.Release|Any CPU.Build.0 = Release|Any CPU
		{BF775ECF-5D44-4BFD-90DB-23325968FC1E}.Debug|Any CPU.ActiveCfg = Debug|Any CPU
		{BF775ECF-5D44-4BFD-90DB-23325968FC1E}.Debug|Any CPU.Build.0 = Debug|Any CPU
		{BF775ECF-5D44-4BFD-90DB-23325968FC1E}.Release|Any CPU.ActiveCfg = Release|Any CPU
		{BF775ECF-5D44-4BFD-90DB-23325968FC1E}.Release|Any CPU.Build.0 = Release|Any CPU
		{F7BF878A-1028-49DE-A31F-9DAC582517EB}.Debug|Any CPU.ActiveCfg = Debug|Any CPU
		{F7BF878A-1028-49DE-A31F-9DAC582517EB}.Debug|Any CPU.Build.0 = Debug|Any CPU
		{F7BF878A-1028-49DE-A31F-9DAC582517EB}.Release|Any CPU.ActiveCfg = Release|Any CPU
		{F7BF878A-1028-49DE-A31F-9DAC582517EB}.Release|Any CPU.Build.0 = Release|Any CPU
		{4F34E26F-8521-49D9-AF09-A3C727BB87D1}.Debug|Any CPU.ActiveCfg = Debug|Any CPU
		{4F34E26F-8521-49D9-AF09-A3C727BB87D1}.Debug|Any CPU.Build.0 = Debug|Any CPU
		{4F34E26F-8521-49D9-AF09-A3C727BB87D1}.Release|Any CPU.ActiveCfg = Release|Any CPU
		{4F34E26F-8521-49D9-AF09-A3C727BB87D1}.Release|Any CPU.Build.0 = Release|Any CPU
		{5FA25B83-C617-4522-8B49-5833C7A6F6F4}.Debug|Any CPU.ActiveCfg = Debug|Any CPU
		{5FA25B83-C617-4522-8B49-5833C7A6F6F4}.Debug|Any CPU.Build.0 = Debug|Any CPU
		{5FA25B83-C617-4522-8B49-5833C7A6F6F4}.Release|Any CPU.ActiveCfg = Release|Any CPU
		{5FA25B83-C617-4522-8B49-5833C7A6F6F4}.Release|Any CPU.Build.0 = Release|Any CPU
		{DECE1385-49E8-4F67-A71A-5208C8AB0554}.Debug|Any CPU.ActiveCfg = Debug|Any CPU
		{DECE1385-49E8-4F67-A71A-5208C8AB0554}.Debug|Any CPU.Build.0 = Debug|Any CPU
		{DECE1385-49E8-4F67-A71A-5208C8AB0554}.Release|Any CPU.ActiveCfg = Release|Any CPU
		{DECE1385-49E8-4F67-A71A-5208C8AB0554}.Release|Any CPU.Build.0 = Release|Any CPU
		{60FCAD62-A9CE-43CA-9C08-8C4C97B5A983}.Debug|Any CPU.ActiveCfg = Debug|Any CPU
		{60FCAD62-A9CE-43CA-9C08-8C4C97B5A983}.Debug|Any CPU.Build.0 = Debug|Any CPU
		{60FCAD62-A9CE-43CA-9C08-8C4C97B5A983}.Release|Any CPU.ActiveCfg = Release|Any CPU
		{60FCAD62-A9CE-43CA-9C08-8C4C97B5A983}.Release|Any CPU.Build.0 = Release|Any CPU
	EndGlobalSection
	GlobalSection(SolutionProperties) = preSolution
		HideSolutionNode = FALSE
	EndGlobalSection
	GlobalSection(NestedProjects) = preSolution
		{65CD9670-2806-4017-B916-ABDE625E8527} = {33D2357B-3385-44C9-BBB8-1D6330C3B56F}
		{7A4755DC-3880-4C2E-8F2B-F383E3051AA2} = {65CD9670-2806-4017-B916-ABDE625E8527}
		{4274E315-DFED-475B-B922-6444667B38CC} = {33D2357B-3385-44C9-BBB8-1D6330C3B56F}
		{A47331EC-6378-4754-B26D-19EB705BD8F2} = {4274E315-DFED-475B-B922-6444667B38CC}
		{84B8B290-641B-4F28-AE26-D7E81054DEED} = {33D2357B-3385-44C9-BBB8-1D6330C3B56F}
		{43697ED6-F10C-4B88-B8BA-F2CFBF64718B} = {84B8B290-641B-4F28-AE26-D7E81054DEED}
		{98A46C80-3018-4102-9C87-783CB64915D3} = {84B8B290-641B-4F28-AE26-D7E81054DEED}
		{C8BDBCF3-4E82-48E8-B783-9C15DB5A0CDC} = {33D2357B-3385-44C9-BBB8-1D6330C3B56F}
		{95B0BCCD-C9B4-449D-97DC-03D937E04485} = {C8BDBCF3-4E82-48E8-B783-9C15DB5A0CDC}
		{86AA9847-B20B-426F-8313-82E0BDE0F71D} = {C8BDBCF3-4E82-48E8-B783-9C15DB5A0CDC}
		{C65B3CE6-B2E1-47B9-96D9-D7F2A869575F} = {C8BDBCF3-4E82-48E8-B783-9C15DB5A0CDC}
		{BFE907D9-A3BB-486D-A427-F9738A8F8307} = {C8BDBCF3-4E82-48E8-B783-9C15DB5A0CDC}
		{D9584500-4ED6-48E4-9216-4B9FBB39A014} = {E6F6CDC7-8135-48DE-B91F-CEDD6E96EF1F}
		{C38D48EF-9975-4D85-92CC-79559CD533AC} = {AA1D67BC-B655-41B3-8AC8-A555C57C7EA1}
		{D3C63E22-EE27-4871-AF6D-ED6BE51DCE44} = {AA1D67BC-B655-41B3-8AC8-A555C57C7EA1}
		{BF775ECF-5D44-4BFD-90DB-23325968FC1E} = {6FA489D9-6856-476E-ADF0-307F47E76617}
		{F7BF878A-1028-49DE-A31F-9DAC582517EB} = {5668A74E-92CC-4ACE-A9BC-1A194A753EBE}
		{4F34E26F-8521-49D9-AF09-A3C727BB87D1} = {CA9CB20D-9461-449F-B5CC-5682186FBC39}
		{5FA25B83-C617-4522-8B49-5833C7A6F6F4} = {CA9CB20D-9461-449F-B5CC-5682186FBC39}
		{DECE1385-49E8-4F67-A71A-5208C8AB0554} = {CA9CB20D-9461-449F-B5CC-5682186FBC39}
		{60FCAD62-A9CE-43CA-9C08-8C4C97B5A983} = {CA9CB20D-9461-449F-B5CC-5682186FBC39}
	EndGlobalSection
	GlobalSection(ExtensibilityGlobals) = postSolution
		SolutionGuid = {8EEB88D2-331A-434A-A689-A2D159C22075}
	EndGlobalSection
EndGlobal
