
Microsoft Visual Studio Solution File, Format Version 12.00
# Visual Studio Version 16
VisualStudioVersion = 16.0.30804.86
MinimumVisualStudioVersion = 10.0.40219.1
Project("{2150E333-8FDC-42A3-9474-1A3956D46DE8}") = "Services", "Services", "{33D2357B-3385-44C9-BBB8-1D6330C3B56F}"
EndProject
Project("{2150E333-8FDC-42A3-9474-1A3956D46DE8}") = "Catalog", "Catalog", "{65CD9670-2806-4017-B916-ABDE625E8527}"
EndProject
Project("{FAE04EC0-301F-11D3-BF4B-00C04F79EFBC}") = "Catalog.API", "Services\Catalog\Catalog.API\Catalog.API.csproj", "{7A4755DC-3880-4C2E-8F2B-F383E3051AA2}"
EndProject
Global
	GlobalSection(SolutionConfigurationPlatforms) = preSolution
		Debug|Any CPU = Debug|Any CPU
		Release|Any CPU = Release|Any CPU
	EndGlobalSection
	GlobalSection(ProjectConfigurationPlatforms) = postSolution
		{7A4755DC-3880-4C2E-8F2B-F383E3051AA2}.Debug|Any CPU.ActiveCfg = Debug|Any CPU
		{7A4755DC-3880-4C2E-8F2B-F383E3051AA2}.Debug|Any CPU.Build.0 = Debug|Any CPU
		{7A4755DC-3880-4C2E-8F2B-F383E3051AA2}.Release|Any CPU.ActiveCfg = Release|Any CPU
		{7A4755DC-3880-4C2E-8F2B-F383E3051AA2}.Release|Any CPU.Build.0 = Release|Any CPU
	EndGlobalSection
	GlobalSection(SolutionProperties) = preSolution
		HideSolutionNode = FALSE
	EndGlobalSection
	GlobalSection(NestedProjects) = preSolution
		{65CD9670-2806-4017-B916-ABDE625E8527} = {33D2357B-3385-44C9-BBB8-1D6330C3B56F}
		{7A4755DC-3880-4C2E-8F2B-F383E3051AA2} = {65CD9670-2806-4017-B916-ABDE625E8527}
	EndGlobalSection
	GlobalSection(ExtensibilityGlobals) = postSolution
		SolutionGuid = {8EEB88D2-331A-434A-A689-A2D159C22075}
	EndGlobalSection
EndGlobal
